# This file is automatically @generated by Cargo.
# It is not intended for manual editing.
version = 3

[[package]]
name = "app"
version = "0.1.0"
dependencies = ["left", "right"]

[[package]]
name = "base"
version = "0.1.0"

[[package]]
name = "left"
version = "0.1.0"
dependencies = ["base"]

[[package]]
name = "right"
version = "0.1.0"
